id: deepwive_v1_ofdm_sync_long
label: OFDM Sync Long
category: '[deepwive_v1]'

templates:
  imports: import deepwive_v1
  make: |-
    deepwive_v1.ofdm_sync_long(${sync_length}, ${log}, ${debug})

#  Make one 'parameters' list entry for every parameter you want settable from the GUI.
#     Keys include:
#     * id (makes the value accessible as \$keyname, e.g. in the make entry)
#     * label (label shown in the GUI)
#     * dtype (e.g. int, float, complex, byte, short, xxx_vector, ...)
parameters:
-   id: log
    label: Log
    dtype: bool
    default: 'False'
    options: ['True', 'False']
    option_labels: [Enable, Disable]
-   id: debug
    label: Debug
    dtype: bool
    default: 'False'
    options: ['True', 'False']
    option_labels: [Enable, Disable]
-   id: sync_length
    label: Sync Length
    dtype: int
    default: '240'
# -   id: packet_len
#     label: Packet Length
#     dtype: int

#  Make one 'inputs' list entry per input and one 'outputs' list entry per output.
#  Keys include:
#      * label (an identifier for the GUI)
#      * domain (optional - stream or message. Default is stream)
#      * dtype (e.g. int, float, complex, byte, short, xxx_vector, ...)
#      * vlen (optional - data stream vector length. Default is 1)
#      * optional (optional - set to 1 for optional inputs. Default is 0)
inputs:
-   domain: stream
    dtype: complex
    multiplicity: '1'
# -   label: in delayed
#     domain: stream
#     dtype: complex
#     multiplicity: '1'

outputs:
-   domain: stream
    dtype: complex
    multiplicity: '1'
# -   domain: stream
#     dtype: float
#     multiplicity: '1'
asserts:
- ${ sync_length > 0 }

#  'file_format' specifies the version of the GRC yml format used in the file
#  and should usually not be changed.
file_format: 1
